
Microsoft Visual Studio Solution File, Format Version 12.00
# Visual Studio Version 16
VisualStudioVersion = 16.0.31313.79
MinimumVisualStudioVersion = 10.0.40219.1
Project("{FAE04EC0-301F-11D3-BF4B-00C04F79EFBC}") = "WpfApp_WorkRegister", "WpfApp_WorkRegister\WpfApp_WorkRegister.csproj", "{F9872841-DD9E-4DEE-819E-54A4154680AD}"
EndProject
Global
	GlobalSection(SolutionConfigurationPlatforms) = preSolution
		Debug|Any CPU = Debug|Any CPU
		Release|Any CPU = Release|Any CPU
	EndGlobalSection
	GlobalSection(ProjectConfigurationPlatforms) = postSolution
		{F9872841-DD9E-4DEE-819E-54A4154680AD}.Debug|Any CPU.ActiveCfg = Debug|Any CPU
		{F9872841-DD9E-4DEE-819E-54A4154680AD}.Debug|Any CPU.Build.0 = Debug|Any CPU
		{F9872841-DD9E-4DEE-819E-54A4154680AD}.Release|Any CPU.ActiveCfg = Release|Any CPU
		{F9872841-DD9E-4DEE-819E-54A4154680AD}.Release|Any CPU.Build.0 = Release|Any CPU
	EndGlobalSection
	GlobalSection(SolutionProperties) = preSolution
		HideSolutionNode = FALSE
	EndGlobalSection
	GlobalSection(ExtensibilityGlobals) = postSolution
		SolutionGuid = {F665B635-C182-4089-8BA2-5FACAA1B61DE}
	EndGlobalSection
EndGlobal
